
Microsoft Visual Studio Solution File, Format Version 12.00
# Visual Studio Version 17
VisualStudioVersion = 17.8.34330.188
MinimumVisualStudioVersion = 10.0.40219.1
Project("{FAE04EC0-301F-11D3-BF4B-00C04F79EFBC}") = "BookStoreApp.API", "BookStoreApp.API\BookStoreApp.API.csproj", "{7E75A9E8-6569-46CE-8729-7C4B4B1B0893}"
EndProject
Global
	GlobalSection(SolutionConfigurationPlatforms) = preSolution
		Debug|Any CPU = Debug|Any CPU
		Release|Any CPU = Release|Any CPU
	EndGlobalSection
	GlobalSection(ProjectConfigurationPlatforms) = postSolution
		{7E75A9E8-6569-46CE-8729-7C4B4B1B0893}.Debug|Any CPU.ActiveCfg = Debug|Any CPU
		{7E75A9E8-6569-46CE-8729-7C4B4B1B0893}.Debug|Any CPU.Build.0 = Debug|Any CPU
		{7E75A9E8-6569-46CE-8729-7C4B4B1B0893}.Release|Any CPU.ActiveCfg = Release|Any CPU
		{7E75A9E8-6569-46CE-8729-7C4B4B1B0893}.Release|Any CPU.Build.0 = Release|Any CPU
	EndGlobalSection
	GlobalSection(SolutionProperties) = preSolution
		HideSolutionNode = FALSE
	EndGlobalSection
	GlobalSection(ExtensibilityGlobals) = postSolution
		SolutionGuid = {F2864957-7C4F-4B4D-B64B-B1CEDE8D65BD}
	EndGlobalSection
EndGlobal
